
Microsoft Visual Studio Solution File, Format Version 12.00
# Visual Studio Version 17
VisualStudioVersion = 17.4.33205.214
MinimumVisualStudioVersion = 10.0.40219.1
Project("{FAE04EC0-301F-11D3-BF4B-00C04F79EFBC}") = "RandomPersonInfoGenerator", "RandomPersonInfoGenerator.csproj", "{51A0221F-8209-44C7-9BC9-9DCB3830B219}"
EndProject
Project("{FAE04EC0-301F-11D3-BF4B-00C04F79EFBC}") = "RandomMockUpTest", "..\RandomMockUpTest\RandomMockUpTest.csproj", "{22A2A009-6057-4E5D-BA09-3C90BCA6D7A8}"
EndProject
Global
	GlobalSection(SolutionConfigurationPlatforms) = preSolution
		Debug|Any CPU = Debug|Any CPU
		Release|Any CPU = Release|Any CPU
	EndGlobalSection
	GlobalSection(ProjectConfigurationPlatforms) = postSolution
		{51A0221F-8209-44C7-9BC9-9DCB3830B219}.Debug|Any CPU.ActiveCfg = Debug|Any CPU
		{51A0221F-8209-44C7-9BC9-9DCB3830B219}.Debug|Any CPU.Build.0 = Debug|Any CPU
		{51A0221F-8209-44C7-9BC9-9DCB3830B219}.Release|Any CPU.ActiveCfg = Release|Any CPU
		{51A0221F-8209-44C7-9BC9-9DCB3830B219}.Release|Any CPU.Build.0 = Release|Any CPU
		{22A2A009-6057-4E5D-BA09-3C90BCA6D7A8}.Debug|Any CPU.ActiveCfg = Debug|Any CPU
		{22A2A009-6057-4E5D-BA09-3C90BCA6D7A8}.Debug|Any CPU.Build.0 = Debug|Any CPU
		{22A2A009-6057-4E5D-BA09-3C90BCA6D7A8}.Release|Any CPU.ActiveCfg = Release|Any CPU
		{22A2A009-6057-4E5D-BA09-3C90BCA6D7A8}.Release|Any CPU.Build.0 = Release|Any CPU
	EndGlobalSection
	GlobalSection(SolutionProperties) = preSolution
		HideSolutionNode = FALSE
	EndGlobalSection
	GlobalSection(ExtensibilityGlobals) = postSolution
		SolutionGuid = {004640D7-F34E-4244-A805-FCD5A05A05CC}
	EndGlobalSection
EndGlobal
